
Microsoft Visual Studio Solution File, Format Version 11.00
# Visual Studio 2010
Project("{FAE04EC0-301F-11D3-BF4B-00C04F79EFBC}") = "Hearters", "Assembly-CSharp-firstpass.csproj", "{CCF17C64-C883-78FA-D219-253258BFA78C}"
EndProject
Project("{FAE04EC0-301F-11D3-BF4B-00C04F79EFBC}") = "Hearters", "Assembly-CSharp.csproj", "{38A90EE6-A4C0-968A-9EAE-0C1C194BB0A0}"
EndProject
Project("{FAE04EC0-301F-11D3-BF4B-00C04F79EFBC}") = "Hearters", "Assembly-CSharp-Editor-firstpass.csproj", "{AC337306-96CF-8F66-0DD1-1131C7550FB3}"
EndProject
Global
	GlobalSection(SolutionConfigurationPlatforms) = preSolution
		Debug|Any CPU = Debug|Any CPU
		Release|Any CPU = Release|Any CPU
	EndGlobalSection
	GlobalSection(ProjectConfigurationPlatforms) = postSolution
		{CCF17C64-C883-78FA-D219-253258BFA78C}.Debug|Any CPU.ActiveCfg = Debug|Any CPU
		{CCF17C64-C883-78FA-D219-253258BFA78C}.Debug|Any CPU.Build.0 = Debug|Any CPU
		{CCF17C64-C883-78FA-D219-253258BFA78C}.Release|Any CPU.ActiveCfg = Release|Any CPU
		{CCF17C64-C883-78FA-D219-253258BFA78C}.Release|Any CPU.Build.0 = Release|Any CPU
		{38A90EE6-A4C0-968A-9EAE-0C1C194BB0A0}.Debug|Any CPU.ActiveCfg = Debug|Any CPU
		{38A90EE6-A4C0-968A-9EAE-0C1C194BB0A0}.Debug|Any CPU.Build.0 = Debug|Any CPU
		{38A90EE6-A4C0-968A-9EAE-0C1C194BB0A0}.Release|Any CPU.ActiveCfg = Release|Any CPU
		{38A90EE6-A4C0-968A-9EAE-0C1C194BB0A0}.Release|Any CPU.Build.0 = Release|Any CPU
		{AC337306-96CF-8F66-0DD1-1131C7550FB3}.Debug|Any CPU.ActiveCfg = Debug|Any CPU
		{AC337306-96CF-8F66-0DD1-1131C7550FB3}.Debug|Any CPU.Build.0 = Debug|Any CPU
		{AC337306-96CF-8F66-0DD1-1131C7550FB3}.Release|Any CPU.ActiveCfg = Release|Any CPU
		{AC337306-96CF-8F66-0DD1-1131C7550FB3}.Release|Any CPU.Build.0 = Release|Any CPU
	EndGlobalSection
	GlobalSection(SolutionProperties) = preSolution
		HideSolutionNode = FALSE
	EndGlobalSection
	GlobalSection(MonoDevelopProperties) = preSolution
		StartupItem = Assembly-CSharp.csproj
	EndGlobalSection
EndGlobal
